
Microsoft Visual Studio Solution File, Format Version 12.00
# Visual Studio 15
VisualStudioVersion = 15.0.27703.2018
MinimumVisualStudioVersion = 10.0.40219.1
Project("{FAE04EC0-301F-11D3-BF4B-00C04F79EFBC}") = "TestASPNET", "TestASPNET\TestASPNET.csproj", "{B24633D4-D8A3-4B8F-89AC-5B71B8F51CEB}"
EndProject
Global
	GlobalSection(SolutionConfigurationPlatforms) = preSolution
		Debug|Any CPU = Debug|Any CPU
		Release|Any CPU = Release|Any CPU
	EndGlobalSection
	GlobalSection(ProjectConfigurationPlatforms) = postSolution
		{B24633D4-D8A3-4B8F-89AC-5B71B8F51CEB}.Debug|Any CPU.ActiveCfg = Debug|Any CPU
		{B24633D4-D8A3-4B8F-89AC-5B71B8F51CEB}.Debug|Any CPU.Build.0 = Debug|Any CPU
		{B24633D4-D8A3-4B8F-89AC-5B71B8F51CEB}.Release|Any CPU.ActiveCfg = Release|Any CPU
		{B24633D4-D8A3-4B8F-89AC-5B71B8F51CEB}.Release|Any CPU.Build.0 = Release|Any CPU
	EndGlobalSection
	GlobalSection(SolutionProperties) = preSolution
		HideSolutionNode = FALSE
	EndGlobalSection
	GlobalSection(ExtensibilityGlobals) = postSolution
		SolutionGuid = {A5DBE27A-C0DD-4653-ACEB-73AD130D25EB}
	EndGlobalSection
EndGlobal
